
Microsoft Visual Studio Solution File, Format Version 12.00
# Visual Studio Version 16
VisualStudioVersion = 16.0.31410.357
MinimumVisualStudioVersion = 10.0.40219.1
Project("{FAE04EC0-301F-11D3-BF4B-00C04F79EFBC}") = "PAM", "PAM\PAM.csproj", "{449F4284-31EB-4752-A451-1F0255946F97}"
EndProject
Global
	GlobalSection(SolutionConfigurationPlatforms) = preSolution
		Debug|Any CPU = Debug|Any CPU
		Release|Any CPU = Release|Any CPU
	EndGlobalSection
	GlobalSection(ProjectConfigurationPlatforms) = postSolution
		{449F4284-31EB-4752-A451-1F0255946F97}.Debug|Any CPU.ActiveCfg = Debug|Any CPU
		{449F4284-31EB-4752-A451-1F0255946F97}.Debug|Any CPU.Build.0 = Debug|Any CPU
		{449F4284-31EB-4752-A451-1F0255946F97}.Release|Any CPU.ActiveCfg = Release|Any CPU
		{449F4284-31EB-4752-A451-1F0255946F97}.Release|Any CPU.Build.0 = Release|Any CPU
	EndGlobalSection
	GlobalSection(SolutionProperties) = preSolution
		HideSolutionNode = FALSE
	EndGlobalSection
	GlobalSection(ExtensibilityGlobals) = postSolution
		SolutionGuid = {5650520F-5F2E-4DDD-A048-CDE421E8D7A1}
	EndGlobalSection
EndGlobal
